
Microsoft Visual Studio Solution File, Format Version 12.00
# Visual Studio Version 17
VisualStudioVersion = 17.11.35327.3
MinimumVisualStudioVersion = 10.0.40219.1
Project("{9A19103F-16F7-4668-BE54-9A1E7A4F7556}") = "Product.Api", "Product.Api\Product.Api.csproj", "{BC303C79-D268-42D9-8BAD-6380B016711F}"
EndProject
Project("{FAE04EC0-301F-11D3-BF4B-00C04F79EFBC}") = "Product.Repository", "Product.Repository\Product.Repository.csproj", "{22F60D19-5737-4CE3-80DD-D44A40B471C4}"
EndProject
Project("{FAE04EC0-301F-11D3-BF4B-00C04F79EFBC}") = "Product.Domain", "Product.Domain\Product.Domain.csproj", "{497CCD96-29CE-43E1-9161-82F908C7C701}"
EndProject
Global
	GlobalSection(SolutionConfigurationPlatforms) = preSolution
		Debug|Any CPU = Debug|Any CPU
		Release|Any CPU = Release|Any CPU
	EndGlobalSection
	GlobalSection(ProjectConfigurationPlatforms) = postSolution
		{BC303C79-D268-42D9-8BAD-6380B016711F}.Debug|Any CPU.ActiveCfg = Debug|Any CPU
		{BC303C79-D268-42D9-8BAD-6380B016711F}.Debug|Any CPU.Build.0 = Debug|Any CPU
		{BC303C79-D268-42D9-8BAD-6380B016711F}.Release|Any CPU.ActiveCfg = Release|Any CPU
		{BC303C79-D268-42D9-8BAD-6380B016711F}.Release|Any CPU.Build.0 = Release|Any CPU
		{22F60D19-5737-4CE3-80DD-D44A40B471C4}.Debug|Any CPU.ActiveCfg = Debug|Any CPU
		{22F60D19-5737-4CE3-80DD-D44A40B471C4}.Debug|Any CPU.Build.0 = Debug|Any CPU
		{22F60D19-5737-4CE3-80DD-D44A40B471C4}.Release|Any CPU.ActiveCfg = Release|Any CPU
		{22F60D19-5737-4CE3-80DD-D44A40B471C4}.Release|Any CPU.Build.0 = Release|Any CPU
		{497CCD96-29CE-43E1-9161-82F908C7C701}.Debug|Any CPU.ActiveCfg = Debug|Any CPU
		{497CCD96-29CE-43E1-9161-82F908C7C701}.Debug|Any CPU.Build.0 = Debug|Any CPU
		{497CCD96-29CE-43E1-9161-82F908C7C701}.Release|Any CPU.ActiveCfg = Release|Any CPU
		{497CCD96-29CE-43E1-9161-82F908C7C701}.Release|Any CPU.Build.0 = Release|Any CPU
	EndGlobalSection
	GlobalSection(SolutionProperties) = preSolution
		HideSolutionNode = FALSE
	EndGlobalSection
	GlobalSection(ExtensibilityGlobals) = postSolution
		SolutionGuid = {D421FFDE-8AA2-4A30-9D3E-028800DEDDA6}
	EndGlobalSection
EndGlobal
